<?xml version="1.0" encoding="UTF-8" standalone="yes" ?>
<CodeBlocks_project_file>
	<FileVersion major="1" minor="6" />
	<Project>
		<Option title="ICT283_Lab6_Polymorphism" />
		<Option pch_mode="2" />
		<Option compiler="gcc" />
		<Build>
			<Target title="Debug">
				<Option output="bin/Debug/ICT283_Lab6_Polymorphism" prefix_auto="1" extension_auto="1" />
				<Option object_output="obj/Debug/" />
				<Option type="1" />
				<Option compiler="gcc" />
				<Compiler>
					<Add option="-g" />
				</Compiler>
			</Target>
			<Target title="Release">
				<Option output="bin/Release/ICT283_Lab6_Polymorphism" prefix_auto="1" extension_auto="1" />
				<Option object_output="obj/Release/" />
				<Option type="1" />
				<Option compiler="gcc" />
				<Compiler>
					<Add option="-O2" />
				</Compiler>
				<Linker>
					<Add option="-s" />
				</Linker>
			</Target>
		</Build>
		<Compiler>
			<Add option="-Wall" />
		</Compiler>
		<Unit filename="Rectangle.cpp">
			<Option target="&lt;{~None~}&gt;" />
		</Unit>
		<Unit filename="Rectangle.h">
			<Option target="&lt;{~None~}&gt;" />
		</Unit>
		<Unit filename="Shape.cpp">
			<Option target="&lt;{~None~}&gt;" />
		</Unit>
		<Unit filename="Shape.h">
			<Option target="&lt;{~None~}&gt;" />
		</Unit>
		<Unit filename="ShapeMain.cpp" />
		<Unit filename="Square.cpp">
			<Option target="&lt;{~None~}&gt;" />
		</Unit>
		<Unit filename="Square.h">
			<Option target="&lt;{~None~}&gt;" />
		</Unit>
		<Extensions>
			<lib_finder disable_auto="1" />
		</Extensions>
	</Project>
</CodeBlocks_project_file>
